
Microsoft Visual Studio Solution File, Format Version 12.00
# Visual Studio 15
VisualStudioVersion = 15.0.28307.1831
MinimumVisualStudioVersion = 10.0.40219.1
Project("{FAE04EC0-301F-11D3-BF4B-00C04F79EFBC}") = "8LB", "8LB.csproj", "{E4ECE8C8-FD07-4D5F-90CB-1C9FA81A0AFA}"
EndProject
Global
	GlobalSection(SolutionConfigurationPlatforms) = preSolution
		Debug|Any CPU = Debug|Any CPU
		Release|Any CPU = Release|Any CPU
	EndGlobalSection
	GlobalSection(ProjectConfigurationPlatforms) = postSolution
		{E4ECE8C8-FD07-4D5F-90CB-1C9FA81A0AFA}.Debug|Any CPU.ActiveCfg = Debug|Any CPU
		{E4ECE8C8-FD07-4D5F-90CB-1C9FA81A0AFA}.Debug|Any CPU.Build.0 = Debug|Any CPU
		{E4ECE8C8-FD07-4D5F-90CB-1C9FA81A0AFA}.Release|Any CPU.ActiveCfg = Release|Any CPU
		{E4ECE8C8-FD07-4D5F-90CB-1C9FA81A0AFA}.Release|Any CPU.Build.0 = Release|Any CPU
	EndGlobalSection
	GlobalSection(SolutionProperties) = preSolution
		HideSolutionNode = FALSE
	EndGlobalSection
	GlobalSection(ExtensibilityGlobals) = postSolution
		SolutionGuid = {6038EEE9-57C6-4A18-B5FC-8AA9B0AE6C54}
	EndGlobalSection
EndGlobal
